
Microsoft Visual Studio Solution File, Format Version 12.00
# Visual Studio 15
VisualStudioVersion = 15.0.28010.2016
MinimumVisualStudioVersion = 10.0.40219.1
Project("{FAE04EC0-301F-11D3-BF4B-00C04F79EFBC}") = "MenuShell", "MenuShell\MenuShell.csproj", "{7D89C542-E6FB-4953-96AE-3FBF5D8A6D0A}"
EndProject
Global
	GlobalSection(SolutionConfigurationPlatforms) = preSolution
		Debug|Any CPU = Debug|Any CPU
		Release|Any CPU = Release|Any CPU
	EndGlobalSection
	GlobalSection(ProjectConfigurationPlatforms) = postSolution
		{7D89C542-E6FB-4953-96AE-3FBF5D8A6D0A}.Debug|Any CPU.ActiveCfg = Debug|Any CPU
		{7D89C542-E6FB-4953-96AE-3FBF5D8A6D0A}.Debug|Any CPU.Build.0 = Debug|Any CPU
		{7D89C542-E6FB-4953-96AE-3FBF5D8A6D0A}.Release|Any CPU.ActiveCfg = Release|Any CPU
		{7D89C542-E6FB-4953-96AE-3FBF5D8A6D0A}.Release|Any CPU.Build.0 = Release|Any CPU
	EndGlobalSection
	GlobalSection(SolutionProperties) = preSolution
		HideSolutionNode = FALSE
	EndGlobalSection
	GlobalSection(ExtensibilityGlobals) = postSolution
		SolutionGuid = {7C16E3B6-FB50-4708-B0CE-CE9B6FFFEC3F}
	EndGlobalSection
EndGlobal
